
Microsoft Visual Studio Solution File, Format Version 12.00
# Visual Studio Version 17
VisualStudioVersion = 17.14.36623.8 d17.14
MinimumVisualStudioVersion = 10.0.40219.1
Project("{FAE04EC0-301F-11D3-BF4B-00C04F79EFBC}") = "BaiTapTuan4", "BaiTapTuan4.csproj", "{CEB0051A-F97D-4F6F-9DFC-CF208EEBE25E}"
EndProject
Global
	GlobalSection(SolutionConfigurationPlatforms) = preSolution
		Debug|Any CPU = Debug|Any CPU
		Release|Any CPU = Release|Any CPU
	EndGlobalSection
	GlobalSection(ProjectConfigurationPlatforms) = postSolution
		{CEB0051A-F97D-4F6F-9DFC-CF208EEBE25E}.Debug|Any CPU.ActiveCfg = Debug|Any CPU
		{CEB0051A-F97D-4F6F-9DFC-CF208EEBE25E}.Debug|Any CPU.Build.0 = Debug|Any CPU
		{CEB0051A-F97D-4F6F-9DFC-CF208EEBE25E}.Release|Any CPU.ActiveCfg = Release|Any CPU
		{CEB0051A-F97D-4F6F-9DFC-CF208EEBE25E}.Release|Any CPU.Build.0 = Release|Any CPU
	EndGlobalSection
	GlobalSection(SolutionProperties) = preSolution
		HideSolutionNode = FALSE
	EndGlobalSection
	GlobalSection(ExtensibilityGlobals) = postSolution
		SolutionGuid = {4714DF28-9392-4E63-94C1-575E19AF35F0}
	EndGlobalSection
EndGlobal
